
Microsoft Visual Studio Solution File, Format Version 12.00
# Visual Studio Version 17
VisualStudioVersion = 17.3.32929.385
MinimumVisualStudioVersion = 10.0.40219.1
Project("{FAE04EC0-301F-11D3-BF4B-00C04F79EFBC}") = "Homework W4", "Homework W4.csproj", "{57803924-3B10-4626-917F-8BCB7EECCF9C}"
EndProject
Global
	GlobalSection(SolutionConfigurationPlatforms) = preSolution
		Debug|Any CPU = Debug|Any CPU
		Release|Any CPU = Release|Any CPU
	EndGlobalSection
	GlobalSection(ProjectConfigurationPlatforms) = postSolution
		{57803924-3B10-4626-917F-8BCB7EECCF9C}.Debug|Any CPU.ActiveCfg = Debug|Any CPU
		{57803924-3B10-4626-917F-8BCB7EECCF9C}.Debug|Any CPU.Build.0 = Debug|Any CPU
		{57803924-3B10-4626-917F-8BCB7EECCF9C}.Release|Any CPU.ActiveCfg = Release|Any CPU
		{57803924-3B10-4626-917F-8BCB7EECCF9C}.Release|Any CPU.Build.0 = Release|Any CPU
	EndGlobalSection
	GlobalSection(SolutionProperties) = preSolution
		HideSolutionNode = FALSE
	EndGlobalSection
	GlobalSection(ExtensibilityGlobals) = postSolution
		SolutionGuid = {739E2598-88EB-4BF1-A5CF-5F8D6F416593}
	EndGlobalSection
EndGlobal
